
Microsoft Visual Studio Solution File, Format Version 12.00
# Visual Studio Version 16
VisualStudioVersion = 16.0.31402.337
MinimumVisualStudioVersion = 10.0.40219.1
Project("{FAE04EC0-301F-11D3-BF4B-00C04F79EFBC}") = "eShopSolution.WebApp", "eShopSolution.WebApp\eShopSolution.WebApp.csproj", "{C94A2E6E-7CC1-46A9-A87D-5EF65A676EEF}"
EndProject
Global
	GlobalSection(SolutionConfigurationPlatforms) = preSolution
		Debug|Any CPU = Debug|Any CPU
		Release|Any CPU = Release|Any CPU
	EndGlobalSection
	GlobalSection(ProjectConfigurationPlatforms) = postSolution
		{C94A2E6E-7CC1-46A9-A87D-5EF65A676EEF}.Debug|Any CPU.ActiveCfg = Debug|Any CPU
		{C94A2E6E-7CC1-46A9-A87D-5EF65A676EEF}.Debug|Any CPU.Build.0 = Debug|Any CPU
		{C94A2E6E-7CC1-46A9-A87D-5EF65A676EEF}.Release|Any CPU.ActiveCfg = Release|Any CPU
		{C94A2E6E-7CC1-46A9-A87D-5EF65A676EEF}.Release|Any CPU.Build.0 = Release|Any CPU
	EndGlobalSection
	GlobalSection(SolutionProperties) = preSolution
		HideSolutionNode = FALSE
	EndGlobalSection
	GlobalSection(ExtensibilityGlobals) = postSolution
		SolutionGuid = {E218CB72-7E85-406C-976D-7D16000F8E76}
	EndGlobalSection
EndGlobal
